
Microsoft Visual Studio Solution File, Format Version 12.00
# Visual Studio Version 16
VisualStudioVersion = 16.0.31402.337
MinimumVisualStudioVersion = 10.0.40219.1
Project("{FAE04EC0-301F-11D3-BF4B-00C04F79EFBC}") = "SFE", "SFE\SFE.csproj", "{7B684169-8311-4716-81C3-F5D7D3BD89DF}"
EndProject
Project("{54435603-DBB4-11D2-8724-00A0C9A8B90C}") = "SetupFile", "SetupFile\SetupFile.vdproj", "{D3CF5D5F-E096-4526-9D68-849D33B28BDE}"
EndProject
Global
	GlobalSection(SolutionConfigurationPlatforms) = preSolution
		Debug|Any CPU = Debug|Any CPU
		Release|Any CPU = Release|Any CPU
	EndGlobalSection
	GlobalSection(ProjectConfigurationPlatforms) = postSolution
		{7B684169-8311-4716-81C3-F5D7D3BD89DF}.Debug|Any CPU.ActiveCfg = Debug|Any CPU
		{7B684169-8311-4716-81C3-F5D7D3BD89DF}.Debug|Any CPU.Build.0 = Debug|Any CPU
		{7B684169-8311-4716-81C3-F5D7D3BD89DF}.Release|Any CPU.ActiveCfg = Release|Any CPU
		{7B684169-8311-4716-81C3-F5D7D3BD89DF}.Release|Any CPU.Build.0 = Release|Any CPU
		{D3CF5D5F-E096-4526-9D68-849D33B28BDE}.Debug|Any CPU.ActiveCfg = Debug
		{D3CF5D5F-E096-4526-9D68-849D33B28BDE}.Release|Any CPU.ActiveCfg = Release
	EndGlobalSection
	GlobalSection(SolutionProperties) = preSolution
		HideSolutionNode = FALSE
	EndGlobalSection
	GlobalSection(ExtensibilityGlobals) = postSolution
		SolutionGuid = {69306DDE-4938-45FE-8DAF-33E9E9E26818}
	EndGlobalSection
EndGlobal
